
Microsoft Visual Studio Solution File, Format Version 12.00
# Visual Studio Version 17
VisualStudioVersion = 17.3.32929.385
MinimumVisualStudioVersion = 10.0.40219.1
Project("{FAE04EC0-301F-11D3-BF4B-00C04F79EFBC}") = "Jivotni", "Jivotni.csproj", "{1CD72770-6C6C-4897-BA6A-C731A1A8F708}"
EndProject
Global
	GlobalSection(SolutionConfigurationPlatforms) = preSolution
		Debug|Any CPU = Debug|Any CPU
		Release|Any CPU = Release|Any CPU
	EndGlobalSection
	GlobalSection(ProjectConfigurationPlatforms) = postSolution
		{1CD72770-6C6C-4897-BA6A-C731A1A8F708}.Debug|Any CPU.ActiveCfg = Debug|Any CPU
		{1CD72770-6C6C-4897-BA6A-C731A1A8F708}.Debug|Any CPU.Build.0 = Debug|Any CPU
		{1CD72770-6C6C-4897-BA6A-C731A1A8F708}.Release|Any CPU.ActiveCfg = Release|Any CPU
		{1CD72770-6C6C-4897-BA6A-C731A1A8F708}.Release|Any CPU.Build.0 = Release|Any CPU
	EndGlobalSection
	GlobalSection(SolutionProperties) = preSolution
		HideSolutionNode = FALSE
	EndGlobalSection
	GlobalSection(ExtensibilityGlobals) = postSolution
		SolutionGuid = {FF4D9252-1F88-4BE3-94C4-737673AF2DD3}
	EndGlobalSection
EndGlobal
